
Microsoft Visual Studio Solution File, Format Version 12.00
# Visual Studio Version 17
VisualStudioVersion = 17.10.34928.147
MinimumVisualStudioVersion = 10.0.40219.1
Project("{FAE04EC0-301F-11D3-BF4B-00C04F79EFBC}") = "FutbolFanForumu", "FutbolFanForumu\FutbolFanForumu.csproj", "{D4A7262D-F7DE-4931-BE45-E617186F9EE9}"
EndProject
Global
	GlobalSection(SolutionConfigurationPlatforms) = preSolution
		Debug|Any CPU = Debug|Any CPU
		Release|Any CPU = Release|Any CPU
	EndGlobalSection
	GlobalSection(ProjectConfigurationPlatforms) = postSolution
		{D4A7262D-F7DE-4931-BE45-E617186F9EE9}.Debug|Any CPU.ActiveCfg = Debug|Any CPU
		{D4A7262D-F7DE-4931-BE45-E617186F9EE9}.Debug|Any CPU.Build.0 = Debug|Any CPU
		{D4A7262D-F7DE-4931-BE45-E617186F9EE9}.Release|Any CPU.ActiveCfg = Release|Any CPU
		{D4A7262D-F7DE-4931-BE45-E617186F9EE9}.Release|Any CPU.Build.0 = Release|Any CPU
	EndGlobalSection
	GlobalSection(SolutionProperties) = preSolution
		HideSolutionNode = FALSE
	EndGlobalSection
	GlobalSection(ExtensibilityGlobals) = postSolution
		SolutionGuid = {969946E1-5484-4937-90B3-76ACFC5DAAE0}
	EndGlobalSection
EndGlobal
